
Microsoft Visual Studio Solution File, Format Version 12.00
# Visual Studio Version 16
VisualStudioVersion = 16.0.30104.148
MinimumVisualStudioVersion = 10.0.40219.1
Project("{FAE04EC0-301F-11D3-BF4B-00C04F79EFBC}") = "MathOperation", "Polymorphism.Lab\MathOperation.csproj", "{81B02549-00C8-4C57-A5CA-0E203035A5B0}"
EndProject
Project("{FAE04EC0-301F-11D3-BF4B-00C04F79EFBC}") = "Animals", "Animals\Animals.csproj", "{BBB78935-D0A9-40CF-9FD1-BFF7F993774C}"
EndProject
Global
	GlobalSection(SolutionConfigurationPlatforms) = preSolution
		Debug|Any CPU = Debug|Any CPU
		Release|Any CPU = Release|Any CPU
	EndGlobalSection
	GlobalSection(ProjectConfigurationPlatforms) = postSolution
		{81B02549-00C8-4C57-A5CA-0E203035A5B0}.Debug|Any CPU.ActiveCfg = Debug|Any CPU
		{81B02549-00C8-4C57-A5CA-0E203035A5B0}.Debug|Any CPU.Build.0 = Debug|Any CPU
		{81B02549-00C8-4C57-A5CA-0E203035A5B0}.Release|Any CPU.ActiveCfg = Release|Any CPU
		{81B02549-00C8-4C57-A5CA-0E203035A5B0}.Release|Any CPU.Build.0 = Release|Any CPU
		{BBB78935-D0A9-40CF-9FD1-BFF7F993774C}.Debug|Any CPU.ActiveCfg = Debug|Any CPU
		{BBB78935-D0A9-40CF-9FD1-BFF7F993774C}.Debug|Any CPU.Build.0 = Debug|Any CPU
		{BBB78935-D0A9-40CF-9FD1-BFF7F993774C}.Release|Any CPU.ActiveCfg = Release|Any CPU
		{BBB78935-D0A9-40CF-9FD1-BFF7F993774C}.Release|Any CPU.Build.0 = Release|Any CPU
	EndGlobalSection
	GlobalSection(SolutionProperties) = preSolution
		HideSolutionNode = FALSE
	EndGlobalSection
	GlobalSection(ExtensibilityGlobals) = postSolution
		SolutionGuid = {AFC27D2E-401A-4B14-A14C-CE82876A5909}
	EndGlobalSection
EndGlobal
